
Microsoft Visual Studio Solution File, Format Version 12.00
# Visual Studio Version 16
VisualStudioVersion = 16.0.31727.386
MinimumVisualStudioVersion = 10.0.40219.1
Project("{F184B08F-C81C-45F6-A57F-5ABD9991F28F}") = "votos", "votos\votos.vbproj", "{E5AE7FC3-9AB7-4EC7-8CB1-85DB6DEB7AB4}"
EndProject
Global
	GlobalSection(SolutionConfigurationPlatforms) = preSolution
		Debug|Any CPU = Debug|Any CPU
		Release|Any CPU = Release|Any CPU
	EndGlobalSection
	GlobalSection(ProjectConfigurationPlatforms) = postSolution
		{E5AE7FC3-9AB7-4EC7-8CB1-85DB6DEB7AB4}.Debug|Any CPU.ActiveCfg = Debug|Any CPU
		{E5AE7FC3-9AB7-4EC7-8CB1-85DB6DEB7AB4}.Debug|Any CPU.Build.0 = Debug|Any CPU
		{E5AE7FC3-9AB7-4EC7-8CB1-85DB6DEB7AB4}.Release|Any CPU.ActiveCfg = Release|Any CPU
		{E5AE7FC3-9AB7-4EC7-8CB1-85DB6DEB7AB4}.Release|Any CPU.Build.0 = Release|Any CPU
	EndGlobalSection
	GlobalSection(SolutionProperties) = preSolution
		HideSolutionNode = FALSE
	EndGlobalSection
	GlobalSection(ExtensibilityGlobals) = postSolution
		SolutionGuid = {57D05AD2-D709-4FD9-B1A3-B244D2C6E45D}
	EndGlobalSection
EndGlobal
